
Microsoft Visual Studio Solution File, Format Version 12.00
# Visual Studio 15
VisualStudioVersion = 15.0.27130.0
MinimumVisualStudioVersion = 10.0.40219.1
Project("{FAE04EC0-301F-11D3-BF4B-00C04F79EFBC}") = "MSRC", "MSRC\MSRC.csproj", "{ACC5D12D-DE5B-411C-A5A2-CCAC0ACC6CA0}"
EndProject
Global
	GlobalSection(SolutionConfigurationPlatforms) = preSolution
		Debug|Any CPU = Debug|Any CPU
		Release|Any CPU = Release|Any CPU
	EndGlobalSection
	GlobalSection(ProjectConfigurationPlatforms) = postSolution
		{ACC5D12D-DE5B-411C-A5A2-CCAC0ACC6CA0}.Debug|Any CPU.ActiveCfg = Debug|Any CPU
		{ACC5D12D-DE5B-411C-A5A2-CCAC0ACC6CA0}.Debug|Any CPU.Build.0 = Debug|Any CPU
		{ACC5D12D-DE5B-411C-A5A2-CCAC0ACC6CA0}.Release|Any CPU.ActiveCfg = Release|Any CPU
		{ACC5D12D-DE5B-411C-A5A2-CCAC0ACC6CA0}.Release|Any CPU.Build.0 = Release|Any CPU
	EndGlobalSection
	GlobalSection(SolutionProperties) = preSolution
		HideSolutionNode = FALSE
	EndGlobalSection
	GlobalSection(ExtensibilityGlobals) = postSolution
		SolutionGuid = {828B9B36-80DA-41AF-8A29-42CCF3A3C430}
	EndGlobalSection
EndGlobal
